// !$*UTF8*$!
{
	archiveVersion = 1;
	classes = {
	};
	objectVersion = 48;
	objects = {

/* Begin PBXBuildFile section */
		826068722049437A00116455 /* AppDelegate.swift in Sources */ = {isa = PBXBuildFile; fileRef = 826068712049437A00116455 /* AppDelegate.swift */; };
		826068742049437A00116455 /* ViewController.swift in Sources */ = {isa = PBXBuildFile; fileRef = 826068732049437A00116455 /* ViewController.swift */; };
		826068772049437A00116455 /* Main.storyboard in Resources */ = {isa = PBXBuildFile; fileRef = 826068752049437A00116455 /* Main.storyboard */; };
		826068792049437B00116455 /* Assets.xcassets in Resources */ = {isa = PBXBuildFile; fileRef = 826068782049437A00116455 /* Assets.xcassets */; };
		8260687C2049437B00116455 /* LaunchScreen.storyboard in Resources */ = {isa = PBXBuildFile; fileRef = 8260687A2049437B00116455 /* LaunchScreen.storyboard */; };
		82904D3C2049479200760D35 /* XlsxReaderWriter.framework in Frameworks */ = {isa = PBXBuildFile; fileRef = 82904D3A2049479200760D35 /* XlsxReaderWriter.framework */; };
		82904D3D2049479200760D35 /* XlsxReaderWriter.framework in Embed Frameworks */ = {isa = PBXBuildFile; fileRef = 82904D3A2049479200760D35 /* XlsxReaderWriter.framework */; settings = {ATTRIBUTES = (CodeSignOnCopy, RemoveHeadersOnCopy, ); }; };
		82904D3E2049479200760D35 /* ZipArchive.framework in Frameworks */ = {isa = PBXBuildFile; fileRef = 82904D3B2049479200760D35 /* ZipArchive.framework */; };
		82904D3F2049479200760D35 /* ZipArchive.framework in Embed Frameworks */ = {isa = PBXBuildFile; fileRef = 82904D3B2049479200760D35 /* ZipArchive.framework */; settings = {ATTRIBUTES = (CodeSignOnCopy, RemoveHeadersOnCopy, ); }; };
		82904D432049483500760D35 /* testWorkbook.xlsx in Resources */ = {isa = PBXBuildFile; fileRef = 82904D422049483500760D35 /* testWorkbook.xlsx */; };
/* End PBXBuildFile section */

/* Begin PBXCopyFilesBuildPhase section */
		82904D292049451500760D35 /* Embed Frameworks */ = {
			isa = PBXCopyFilesBuildPhase;
			buildActionMask = 2147483647;
			dstPath = "";
			dstSubfolderSpec = 10;
			files = (
				82904D3D2049479200760D35 /* XlsxReaderWriter.framework in Embed Frameworks */,
				82904D3F2049479200760D35 /* ZipArchive.framework in Embed Frameworks */,
			);
			name = "Embed Frameworks";
			runOnlyForDeploymentPostprocessing = 0;
		};
/* End PBXCopyFilesBuildPhase section */

/* Begin PBXFileReference section */
		8260686E2049437A00116455 /* Demo.app */ = {isa = PBXFileReference; explicitFileType = wrapper.application; includeInIndex = 0; path = Demo.app; sourceTree = BUILT_PRODUCTS_DIR; };
		826068712049437A00116455 /* AppDelegate.swift */ = {isa = PBXFileReference; lastKnownFileType = sourcecode.swift; path = AppDelegate.swift; sourceTree = "<group>"; };
		826068732049437A00116455 /* ViewController.swift */ = {isa = PBXFileReference; lastKnownFileType = sourcecode.swift; path = ViewController.swift; sourceTree = "<group>"; };
		826068762049437A00116455 /* Base */ = {isa = PBXFileReference; lastKnownFileType = file.storyboard; name = Base; path = Base.lproj/Main.storyboard; sourceTree = "<group>"; };
		826068782049437A00116455 /* Assets.xcassets */ = {isa = PBXFileReference; lastKnownFileType = folder.assetcatalog; path = Assets.xcassets; sourceTree = "<group>"; };
		8260687B2049437B00116455 /* Base */ = {isa = PBXFileReference; lastKnownFileType = file.storyboard; name = Base; path = Base.lproj/LaunchScreen.storyboard; sourceTree = "<group>"; };
		8260687D2049437B00116455 /* Info.plist */ = {isa = PBXFileReference; lastKnownFileType = text.plist.xml; path = Info.plist; sourceTree = "<group>"; };
		82904D3A2049479200760D35 /* XlsxReaderWriter.framework */ = {isa = PBXFileReference; lastKnownFileType = wrapper.framework; name = XlsxReaderWriter.framework; path = Carthage/Build/iOS/XlsxReaderWriter.framework; sourceTree = "<group>"; };
		82904D3B2049479200760D35 /* ZipArchive.framework */ = {isa = PBXFileReference; lastKnownFileType = wrapper.framework; name = ZipArchive.framework; path = Carthage/Build/iOS/ZipArchive.framework; sourceTree = "<group>"; };
		82904D422049483500760D35 /* testWorkbook.xlsx */ = {isa = PBXFileReference; lastKnownFileType = file; path = testWorkbook.xlsx; sourceTree = "<group>"; };
/* End PBXFileReference section */

/* Begin PBXFrameworksBuildPhase section */
		8260686B2049437A00116455 /* Frameworks */ = {
			isa = PBXFrameworksBuildPhase;
			buildActionMask = 2147483647;
			files = (
				82904D3C2049479200760D35 /* XlsxReaderWriter.framework in Frameworks */,
				82904D3E2049479200760D35 /* ZipArchive.framework in Frameworks */,
			);
			runOnlyForDeploymentPostprocessing = 0;
		};
/* End PBXFrameworksBuildPhase section */

/* Begin PBXGroup section */
		826068652049437A00116455 = {
			isa = PBXGroup;
			children = (
				82904D422049483500760D35 /* testWorkbook.xlsx */,
				82904D3A2049479200760D35 /* XlsxReaderWriter.framework */,
				82904D3B2049479200760D35 /* ZipArchive.framework */,
				826068702049437A00116455 /* Demo */,
				8260686F2049437A00116455 /* Products */,
			);
			sourceTree = "<group>";
		};
		8260686F2049437A00116455 /* Products */ = {
			isa = PBXGroup;
			children = (
				8260686E2049437A00116455 /* Demo.app */,
			);
			name = Products;
			sourceTree = "<group>";
		};
		826068702049437A00116455 /* Demo */ = {
			isa = PBXGroup;
			children = (
				826068712049437A00116455 /* AppDelegate.swift */,
				826068732049437A00116455 /* ViewController.swift */,
				826068752049437A00116455 /* Main.storyboard */,
				826068782049437A00116455 /* Assets.xcassets */,
				8260687A2049437B00116455 /* LaunchScreen.storyboard */,
				8260687D2049437B00116455 /* Info.plist */,
			);
			path = Demo;
			sourceTree = "<group>";
		};
/* End PBXGroup section */

/* Begin PBXNativeTarget section */
		8260686D2049437A00116455 /* Demo */ = {
			isa = PBXNativeTarget;
			buildConfigurationList = 826068802049437B00116455 /* Build configuration list for PBXNativeTarget "Demo" */;
			buildPhases = (
				8260686A2049437A00116455 /* Sources */,
				8260686B2049437A00116455 /* Frameworks */,
				8260686C2049437A00116455 /* Resources */,
				82904D292049451500760D35 /* Embed Frameworks */,
			);
			buildRules = (
			);
			dependencies = (
			);
			name = Demo;
			productName = Demo;
			productReference = 8260686E2049437A00116455 /* Demo.app */;
			productType = "com.apple.product-type.application";
		};
/* End PBXNativeTarget section */

/* Begin PBXProject section */
		826068662049437A00116455 /* Project object */ = {
			isa = PBXProject;
			attributes = {
				LastSwiftUpdateCheck = 0920;
				LastUpgradeCheck = 0920;
				ORGANIZATIONNAME = charlymr;
				TargetAttributes = {
					8260686D2049437A00116455 = {
						CreatedOnToolsVersion = 9.2;
						ProvisioningStyle = Automatic;
					};
				};
			};
			buildConfigurationList = 826068692049437A00116455 /* Build configuration list for PBXProject "Demo" */;
			compatibilityVersion = "Xcode 8.0";
			developmentRegion = en;
			hasScannedForEncodings = 0;
			knownRegions = (
				en,
				Base,
			);
			mainGroup = 826068652049437A00116455;
			productRefGroup = 8260686F2049437A00116455 /* Products */;
			projectDirPath = "";
			projectRoot = "";
			targets = (
				8260686D2049437A00116455 /* Demo */,
			);
		};
/* End PBXProject section */

/* Begin PBXResourcesBuildPhase section */
		8260686C2049437A00116455 /* Resources */ = {
			isa = PBXResourcesBuildPhase;
			buildActionMask = 2147483647;
			files = (
				82904D432049483500760D35 /* testWorkbook.xlsx in Resources */,
				8260687C2049437B00116455 /* LaunchScreen.storyboard in Resources */,
				826068792049437B00116455 /* Assets.xcassets in Resources */,
				826068772049437A00116455 /* Main.storyboard in Resources */,
			);
			runOnlyForDeploymentPostprocessing = 0;
		};
/* End PBXResourcesBuildPhase section */

/* Begin PBXSourcesBuildPhase section */
		8260686A2049437A00116455 /* Sources */ = {
			isa = PBXSourcesBuildPhase;
			buildActionMask = 2147483647;
			files = (
				826068742049437A00116455 /* ViewController.swift in Sources */,
				826068722049437A00116455 /* AppDelegate.swift in Sources */,
			);
			runOnlyForDeploymentPostprocessing = 0;
		};
/* End PBXSourcesBuildPhase section */

/* Begin PBXVariantGroup section */
		826068752049437A00116455 /* Main.storyboard */ = {
			isa = PBXVariantGroup;
			children = (
				826068762049437A00116455 /* Base */,
			);
			name = Main.storyboard;
			sourceTree = "<group>";
		};
		8260687A2049437B00116455 /* LaunchScreen.storyboard */ = {
			isa = PBXVariantGroup;
			children = (
				8260687B2049437B00116455 /* Base */,
			);
			name = LaunchScreen.storyboard;
			sourceTree = "<group>";
		};
/* End PBXVariantGroup section */

/* Begin XCBuildConfiguration section */
		8260687E2049437B00116455 /* Debug */ = {
			isa = XCBuildConfiguration;
			buildSettings = {
				ALWAYS_SEARCH_USER_PATHS = NO;
				CLANG_ANALYZER_NONNULL = YES;
				CLANG_ANALYZER_NUMBER_OBJECT_CONVERSION = YES_AGGRESSIVE;
				CLANG_CXX_LANGUAGE_STANDARD = "gnu++14";
				CLANG_CXX_LIBRARY = "libc++";
				CLANG_ENABLE_MODULES = YES;
				CLANG_ENABLE_OBJC_ARC = YES;
				CLANG_WARN_BLOCK_CAPTURE_AUTORELEASING = YES;
				CLANG_WARN_BOOL_CONVERSION = YES;
				CLANG_WARN_COMMA = YES;
				CLANG_WARN_CONSTANT_CONVERSION = YES;
				CLANG_WARN_DIRECT_OBJC_ISA_USAGE = YES_ERROR;
				CLANG_WARN_DOCUMENTATION_COMMENTS = YES;
				CLANG_WARN_EMPTY_BODY = YES;
				CLANG_WARN_ENUM_CONVERSION = YES;
				CLANG_WARN_INFINITE_RECURSION = YES;
				CLANG_WARN_INT_CONVERSION = YES;
				CLANG_WARN_NON_LITERAL_NULL_CONVERSION = YES;
				CLANG_WARN_OBJC_LITERAL_CONVERSION = YES;
				CLANG_WARN_OBJC_ROOT_CLASS = YES_ERROR;
				CLANG_WARN_RANGE_LOOP_ANALYSIS = YES;
				CLANG_WARN_STRICT_PROTOTYPES = YES;
				CLANG_WARN_SUSPICIOUS_MOVE = YES;
				CLANG_WARN_UNGUARDED_AVAILABILITY = YES_AGGRESSIVE;
				CLANG_WARN_UNREACHABLE_CODE = YES;
				CLANG_WARN__DUPLICATE_METHOD_MATCH = YES;
				CODE_SIGN_IDENTITY = "iPhone Developer";
				COPY_PHASE_STRIP = NO;
				DEBUG_INFORMATION_FORMAT = dwarf;
				ENABLE_STRICT_OBJC_MSGSEND = YES;
				ENABLE_TESTABILITY = YES;
				FRAMEWORK_SEARCH_PATHS = "";
				GCC_C_LANGUAGE_STANDARD = gnu11;
				GCC_DYNAMIC_NO_PIC = NO;
				GCC_NO_COMMON_BLOCKS = YES;
				GCC_OPTIMIZATION_LEVEL = 0;
				GCC_PREPROCESSOR_DEFINITIONS = (
					"DEBUG=1",
					"$(inherited)",
				);
				GCC_WARN_64_TO_32_BIT_CONVERSION = YES;
				GCC_WARN_ABOUT_RETURN_TYPE = YES_ERROR;
				GCC_WARN_UNDECLARED_SELECTOR = YES;
				GCC_WARN_UNINITIALIZED_AUTOS = YES_AGGRESSIVE;
				GCC_WARN_UNUSED_FUNCTION = YES;
				GCC_WARN_UNUSED_VARIABLE = YES;
				IPHONEOS_DEPLOYMENT_TARGET = 11.2;
				MTL_ENABLE_DEBUG_INFO = YES;
				ONLY_ACTIVE_ARCH = YES;
				SDKROOT = iphoneos;
				SWIFT_ACTIVE_COMPILATION_CONDITIONS = DEBUG;
				SWIFT_OPTIMIZATION_LEVEL = "-Onone";
			};
			name = Debug;
		};
		8260687F2049437B00116455 /* Release */ = {
			isa = XCBuildConfiguration;
			buildSettings = {
				ALWAYS_SEARCH_USER_PATHS = NO;
				CLANG_ANALYZER_NONNULL = YES;
				CLANG_ANALYZER_NUMBER_OBJECT_CONVERSION = YES_AGGRESSIVE;
				CLANG_CXX_LANGUAGE_STANDARD = "gnu++14";
				CLANG_CXX_LIBRARY = "libc++";
				CLANG_ENABLE_MODULES = YES;
				CLANG_ENABLE_OBJC_ARC = YES;
				CLANG_WARN_BLOCK_CAPTURE_AUTORELEASING = YES;
				CLANG_WARN_BOOL_CONVERSION = YES;
				CLANG_WARN_COMMA = YES;
				CLANG_WARN_CONSTANT_CONVERSION = YES;
				CLANG_WARN_DIRECT_OBJC_ISA_USAGE = YES_ERROR;
				CLANG_WARN_DOCUMENTATION_COMMENTS = YES;
				CLANG_WARN_EMPTY_BODY = YES;
				CLANG_WARN_ENUM_CONVERSION = YES;
				CLANG_WARN_INFINITE_RECURSION = YES;
				CLANG_WARN_INT_CONVERSION = YES;
				CLANG_WARN_NON_LITERAL_NULL_CONVERSION = YES;
				CLANG_WARN_OBJC_LITERAL_CONVERSION = YES;
				CLANG_WARN_OBJC_ROOT_CLASS = YES_ERROR;
				CLANG_WARN_RANGE_LOOP_ANALYSIS = YES;
				CLANG_WARN_STRICT_PROTOTYPES = YES;
				CLANG_WARN_SUSPICIOUS_MOVE = YES;
				CLANG_WARN_UNGUARDED_AVAILABILITY = YES_AGGRESSIVE;
				CLANG_WARN_UNREACHABLE_CODE = YES;
				CLANG_WARN__DUPLICATE_METHOD_MATCH = YES;
				CODE_SIGN_IDENTITY = "iPhone Developer";
				COPY_PHASE_STRIP = NO;
				DEBUG_INFORMATION_FORMAT = "dwarf-with-dsym";
				ENABLE_NS_ASSERTIONS = NO;
				ENABLE_STRICT_OBJC_MSGSEND = YES;
				FRAMEWORK_SEARCH_PATHS = "";
				GCC_C_LANGUAGE_STANDARD = gnu11;
				GCC_NO_COMMON_BLOCKS = YES;
				GCC_WARN_64_TO_32_BIT_CONVERSION = YES;
				GCC_WARN_ABOUT_RETURN_TYPE = YES_ERROR;
				GCC_WARN_UNDECLARED_SELECTOR = YES;
				GCC_WARN_UNINITIALIZED_AUTOS = YES_AGGRESSIVE;
				GCC_WARN_UNUSED_FUNCTION = YES;
				GCC_WARN_UNUSED_VARIABLE = YES;
				IPHONEOS_DEPLOYMENT_TARGET = 11.2;
				MTL_ENABLE_DEBUG_INFO = NO;
				SDKROOT = iphoneos;
				SWIFT_OPTIMIZATION_LEVEL = "-Owholemodule";
				VALIDATE_PRODUCT = YES;
			};
			name = Release;
		};
		826068812049437B00116455 /* Debug */ = {
			isa = XCBuildConfiguration;
			buildSettings = {
				ASSETCATALOG_COMPILER_APPICON_NAME = AppIcon;
				CODE_SIGN_STYLE = Automatic;
				FRAMEWORK_SEARCH_PATHS = (
					"$(inherited)",
					"$(PROJECT_DIR)/Carthage/Build/iOS",
				);
				INFOPLIST_FILE = Demo/Info.plist;
				IPHONEOS_DEPLOYMENT_TARGET = 10.3;
				LD_RUNPATH_SEARCH_PATHS = "$(inherited) @executable_path/Frameworks";
				PRODUCT_BUNDLE_IDENTIFIER = com.charlymr.Demo;
				PRODUCT_NAME = "$(TARGET_NAME)";
				SWIFT_VERSION = 4.0;
				TARGETED_DEVICE_FAMILY = "1,2";
			};
			name = Debug;
		};
		826068822049437B00116455 /* Release */ = {
			isa = XCBuildConfiguration;
			buildSettings = {
				ASSETCATALOG_COMPILER_APPICON_NAME = AppIcon;
				CODE_SIGN_STYLE = Automatic;
				FRAMEWORK_SEARCH_PATHS = (
					"$(inherited)",
					"$(PROJECT_DIR)/Carthage/Build/iOS",
				);
				INFOPLIST_FILE = Demo/Info.plist;
				IPHONEOS_DEPLOYMENT_TARGET = 10.3;
				LD_RUNPATH_SEARCH_PATHS = "$(inherited) @executable_path/Frameworks";
				PRODUCT_BUNDLE_IDENTIFIER = com.charlymr.Demo;
				PRODUCT_NAME = "$(TARGET_NAME)";
				SWIFT_VERSION = 4.0;
				TARGETED_DEVICE_FAMILY = "1,2";
			};
			name = Release;
		};
/* End XCBuildConfiguration section */

/* Begin XCConfigurationList section */
		826068692049437A00116455 /* Build configuration list for PBXProject "Demo" */ = {
			isa = XCConfigurationList;
			buildConfigurations = (
				8260687E2049437B00116455 /* Debug */,
				8260687F2049437B00116455 /* Release */,
			);
			defaultConfigurationIsVisible = 0;
			defaultConfigurationName = Release;
		};
		826068802049437B00116455 /* Build configuration list for PBXNativeTarget "Demo" */ = {
			isa = XCConfigurationList;
			buildConfigurations = (
				826068812049437B00116455 /* Debug */,
				826068822049437B00116455 /* Release */,
			);
			defaultConfigurationIsVisible = 0;
			defaultConfigurationName = Release;
		};
/* End XCConfigurationList section */
	};
	rootObject = 826068662049437A00116455 /* Project object */;
}
